
Microsoft Visual Studio Solution File, Format Version 11.00
# Visual Studio 2010
Project("{FAE04EC0-301F-11D3-BF4B-00C04F79EFBC}") = "LD 41", "Assembly-CSharp-firstpass.csproj", "{32F86098-FB82-C190-78D0-01EDCA6A5731}"
EndProject
Project("{FAE04EC0-301F-11D3-BF4B-00C04F79EFBC}") = "LD 41", "Assembly-CSharp.csproj", "{C61237FF-741E-BB55-7E13-5E3B839D9F0C}"
EndProject
Project("{FAE04EC0-301F-11D3-BF4B-00C04F79EFBC}") = "LD 41", "Assembly-CSharp-Editor-firstpass.csproj", "{8162EDA1-EB8F-6FF0-6004-4DD5D15A85F2}"
EndProject
Global
	GlobalSection(SolutionConfigurationPlatforms) = preSolution
		Debug|Any CPU = Debug|Any CPU
		Release|Any CPU = Release|Any CPU
	EndGlobalSection
	GlobalSection(ProjectConfigurationPlatforms) = postSolution
		{32F86098-FB82-C190-78D0-01EDCA6A5731}.Debug|Any CPU.ActiveCfg = Debug|Any CPU
		{32F86098-FB82-C190-78D0-01EDCA6A5731}.Debug|Any CPU.Build.0 = Debug|Any CPU
		{32F86098-FB82-C190-78D0-01EDCA6A5731}.Release|Any CPU.ActiveCfg = Release|Any CPU
		{32F86098-FB82-C190-78D0-01EDCA6A5731}.Release|Any CPU.Build.0 = Release|Any CPU
		{C61237FF-741E-BB55-7E13-5E3B839D9F0C}.Debug|Any CPU.ActiveCfg = Debug|Any CPU
		{C61237FF-741E-BB55-7E13-5E3B839D9F0C}.Debug|Any CPU.Build.0 = Debug|Any CPU
		{C61237FF-741E-BB55-7E13-5E3B839D9F0C}.Release|Any CPU.ActiveCfg = Release|Any CPU
		{C61237FF-741E-BB55-7E13-5E3B839D9F0C}.Release|Any CPU.Build.0 = Release|Any CPU
		{8162EDA1-EB8F-6FF0-6004-4DD5D15A85F2}.Debug|Any CPU.ActiveCfg = Debug|Any CPU
		{8162EDA1-EB8F-6FF0-6004-4DD5D15A85F2}.Debug|Any CPU.Build.0 = Debug|Any CPU
		{8162EDA1-EB8F-6FF0-6004-4DD5D15A85F2}.Release|Any CPU.ActiveCfg = Release|Any CPU
		{8162EDA1-EB8F-6FF0-6004-4DD5D15A85F2}.Release|Any CPU.Build.0 = Release|Any CPU
	EndGlobalSection
	GlobalSection(SolutionProperties) = preSolution
		HideSolutionNode = FALSE
	EndGlobalSection
	GlobalSection(MonoDevelopProperties) = preSolution
		StartupItem = Assembly-CSharp.csproj
	EndGlobalSection
EndGlobal
